// !$*UTF8*$!
{
	archiveVersion = 1;
	classes = {
	};
	objectVersion = 46;
	objects = {

/* Begin PBXBuildFile section */
		19B5CBFC19FCDCC600340B60 /* main.m in Sources */ = {isa = PBXBuildFile; fileRef = 19B5CBFB19FCDCC600340B60 /* main.m */; };
		19B5CBFF19FCDCC600340B60 /* AppDelegate.m in Sources */ = {isa = PBXBuildFile; fileRef = 19B5CBFE19FCDCC600340B60 /* AppDelegate.m */; };
		19B5CC0219FCDCC600340B60 /* StoryViewController.m in Sources */ = {isa = PBXBuildFile; fileRef = 19B5CC0119FCDCC600340B60 /* StoryViewController.m */; };
		19B5CC0519FCDCC600340B60 /* Main.storyboard in Resources */ = {isa = PBXBuildFile; fileRef = 19B5CC0319FCDCC600340B60 /* Main.storyboard */; };
		19B5CC0719FCDCC600340B60 /* Images.xcassets in Resources */ = {isa = PBXBuildFile; fileRef = 19B5CC0619FCDCC600340B60 /* Images.xcassets */; };
		19B5CC0A19FCDCC600340B60 /* LaunchScreen.xib in Resources */ = {isa = PBXBuildFile; fileRef = 19B5CC0819FCDCC600340B60 /* LaunchScreen.xib */; };
		19B5CC2119FCDD7D00340B60 /* ParallaxHeaderView.m in Sources */ = {isa = PBXBuildFile; fileRef = 19B5CC2019FCDD7D00340B60 /* ParallaxHeaderView.m */; };
		19B5CC2419FCDDC500340B60 /* UIImage+ImageEffects.m in Sources */ = {isa = PBXBuildFile; fileRef = 19B5CC2319FCDDC500340B60 /* UIImage+ImageEffects.m */; };
		19B5CC2A19FCF12E00340B60 /* StoryCommentCell.m in Sources */ = {isa = PBXBuildFile; fileRef = 19B5CC2919FCF12E00340B60 /* StoryCommentCell.m */; };
/* End PBXBuildFile section */

/* Begin PBXFileReference section */
		19B5CBF619FCDCC600340B60 /* Parallax Header.app */ = {isa = PBXFileReference; explicitFileType = wrapper.application; includeInIndex = 0; path = "Parallax Header.app"; sourceTree = BUILT_PRODUCTS_DIR; };
		19B5CBFA19FCDCC600340B60 /* Info.plist */ = {isa = PBXFileReference; lastKnownFileType = text.plist.xml; path = Info.plist; sourceTree = "<group>"; };
		19B5CBFB19FCDCC600340B60 /* main.m */ = {isa = PBXFileReference; lastKnownFileType = sourcecode.c.objc; path = main.m; sourceTree = "<group>"; };
		19B5CBFD19FCDCC600340B60 /* AppDelegate.h */ = {isa = PBXFileReference; lastKnownFileType = sourcecode.c.h; path = AppDelegate.h; sourceTree = "<group>"; };
		19B5CBFE19FCDCC600340B60 /* AppDelegate.m */ = {isa = PBXFileReference; lastKnownFileType = sourcecode.c.objc; path = AppDelegate.m; sourceTree = "<group>"; };
		19B5CC0019FCDCC600340B60 /* StoryViewController.h */ = {isa = PBXFileReference; lastKnownFileType = sourcecode.c.h; path = StoryViewController.h; sourceTree = "<group>"; };
		19B5CC0119FCDCC600340B60 /* StoryViewController.m */ = {isa = PBXFileReference; lastKnownFileType = sourcecode.c.objc; path = StoryViewController.m; sourceTree = "<group>"; };
		19B5CC0419FCDCC600340B60 /* Base */ = {isa = PBXFileReference; lastKnownFileType = file.storyboard; name = Base; path = Base.lproj/Main.storyboard; sourceTree = "<group>"; };
		19B5CC0619FCDCC600340B60 /* Images.xcassets */ = {isa = PBXFileReference; lastKnownFileType = folder.assetcatalog; path = Images.xcassets; sourceTree = "<group>"; };
		19B5CC0919FCDCC600340B60 /* Base */ = {isa = PBXFileReference; lastKnownFileType = file.xib; name = Base; path = Base.lproj/LaunchScreen.xib; sourceTree = "<group>"; };
		19B5CC1F19FCDD7D00340B60 /* ParallaxHeaderView.h */ = {isa = PBXFileReference; fileEncoding = 4; lastKnownFileType = sourcecode.c.h; path = ParallaxHeaderView.h; sourceTree = "<group>"; };
		19B5CC2019FCDD7D00340B60 /* ParallaxHeaderView.m */ = {isa = PBXFileReference; fileEncoding = 4; lastKnownFileType = sourcecode.c.objc; path = ParallaxHeaderView.m; sourceTree = "<group>"; };
		19B5CC2219FCDDC500340B60 /* UIImage+ImageEffects.h */ = {isa = PBXFileReference; fileEncoding = 4; lastKnownFileType = sourcecode.c.h; path = "UIImage+ImageEffects.h"; sourceTree = "<group>"; };
		19B5CC2319FCDDC500340B60 /* UIImage+ImageEffects.m */ = {isa = PBXFileReference; fileEncoding = 4; lastKnownFileType = sourcecode.c.objc; path = "UIImage+ImageEffects.m"; sourceTree = "<group>"; };
		19B5CC2819FCF12D00340B60 /* StoryCommentCell.h */ = {isa = PBXFileReference; fileEncoding = 4; lastKnownFileType = sourcecode.c.h; path = StoryCommentCell.h; sourceTree = "<group>"; };
		19B5CC2919FCF12E00340B60 /* StoryCommentCell.m */ = {isa = PBXFileReference; fileEncoding = 4; lastKnownFileType = sourcecode.c.objc; path = StoryCommentCell.m; sourceTree = "<group>"; };
/* End PBXFileReference section */

/* Begin PBXFrameworksBuildPhase section */
		19B5CBF319FCDCC600340B60 /* Frameworks */ = {
			isa = PBXFrameworksBuildPhase;
			buildActionMask = 2147483647;
			files = (
			);
			runOnlyForDeploymentPostprocessing = 0;
		};
/* End PBXFrameworksBuildPhase section */

/* Begin PBXGroup section */
		19B5CBED19FCDCC600340B60 = {
			isa = PBXGroup;
			children = (
				19B5CBF819FCDCC600340B60 /* ParallaxTableViewHeader */,
				19B5CBF719FCDCC600340B60 /* Products */,
			);
			sourceTree = "<group>";
		};
		19B5CBF719FCDCC600340B60 /* Products */ = {
			isa = PBXGroup;
			children = (
				19B5CBF619FCDCC600340B60 /* Parallax Header.app */,
			);
			name = Products;
			sourceTree = "<group>";
		};
		19B5CBF819FCDCC600340B60 /* ParallaxTableViewHeader */ = {
			isa = PBXGroup;
			children = (
				19B5CC2E19FD02A400340B60 /* Extensions */,
				19B5CC2819FCF12D00340B60 /* StoryCommentCell.h */,
				19B5CC2919FCF12E00340B60 /* StoryCommentCell.m */,
				19B5CC1F19FCDD7D00340B60 /* ParallaxHeaderView.h */,
				19B5CC2019FCDD7D00340B60 /* ParallaxHeaderView.m */,
				19B5CBFD19FCDCC600340B60 /* AppDelegate.h */,
				19B5CBFE19FCDCC600340B60 /* AppDelegate.m */,
				19B5CC0019FCDCC600340B60 /* StoryViewController.h */,
				19B5CC0119FCDCC600340B60 /* StoryViewController.m */,
				19B5CC0319FCDCC600340B60 /* Main.storyboard */,
				19B5CC0619FCDCC600340B60 /* Images.xcassets */,
				19B5CC0819FCDCC600340B60 /* LaunchScreen.xib */,
				19B5CC2519FCE30400340B60 /* Resources */,
				19B5CBF919FCDCC600340B60 /* Supporting Files */,
			);
			path = ParallaxTableViewHeader;
			sourceTree = "<group>";
		};
		19B5CBF919FCDCC600340B60 /* Supporting Files */ = {
			isa = PBXGroup;
			children = (
				19B5CBFA19FCDCC600340B60 /* Info.plist */,
				19B5CBFB19FCDCC600340B60 /* main.m */,
			);
			name = "Supporting Files";
			sourceTree = "<group>";
		};
		19B5CC2519FCE30400340B60 /* Resources */ = {
			isa = PBXGroup;
			children = (
			);
			path = Resources;
			sourceTree = "<group>";
		};
		19B5CC2E19FD02A400340B60 /* Extensions */ = {
			isa = PBXGroup;
			children = (
				19B5CC2219FCDDC500340B60 /* UIImage+ImageEffects.h */,
				19B5CC2319FCDDC500340B60 /* UIImage+ImageEffects.m */,
			);
			name = Extensions;
			sourceTree = "<group>";
		};
/* End PBXGroup section */

/* Begin PBXNativeTarget section */
		19B5CBF519FCDCC600340B60 /* Parallax Header */ = {
			isa = PBXNativeTarget;
			buildConfigurationList = 19B5CC1919FCDCC600340B60 /* Build configuration list for PBXNativeTarget "Parallax Header" */;
			buildPhases = (
				19B5CBF219FCDCC600340B60 /* Sources */,
				19B5CBF319FCDCC600340B60 /* Frameworks */,
				19B5CBF419FCDCC600340B60 /* Resources */,
			);
			buildRules = (
			);
			dependencies = (
			);
			name = "Parallax Header";
			productName = ParallaxTableViewHeader;
			productReference = 19B5CBF619FCDCC600340B60 /* Parallax Header.app */;
			productType = "com.apple.product-type.application";
		};
/* End PBXNativeTarget section */

/* Begin PBXProject section */
		19B5CBEE19FCDCC600340B60 /* Project object */ = {
			isa = PBXProject;
			attributes = {
				LastUpgradeCheck = 0600;
				ORGANIZATIONNAME = "Daston~Rhadnojnainva";
				TargetAttributes = {
					19B5CBF519FCDCC600340B60 = {
						CreatedOnToolsVersion = 6.0.1;
					};
				};
			};
			buildConfigurationList = 19B5CBF119FCDCC600340B60 /* Build configuration list for PBXProject "ParallaxTableViewHeader" */;
			compatibilityVersion = "Xcode 3.2";
			developmentRegion = English;
			hasScannedForEncodings = 0;
			knownRegions = (
				en,
				Base,
			);
			mainGroup = 19B5CBED19FCDCC600340B60;
			productRefGroup = 19B5CBF719FCDCC600340B60 /* Products */;
			projectDirPath = "";
			projectRoot = "";
			targets = (
				19B5CBF519FCDCC600340B60 /* Parallax Header */,
			);
		};
/* End PBXProject section */

/* Begin PBXResourcesBuildPhase section */
		19B5CBF419FCDCC600340B60 /* Resources */ = {
			isa = PBXResourcesBuildPhase;
			buildActionMask = 2147483647;
			files = (
				19B5CC0519FCDCC600340B60 /* Main.storyboard in Resources */,
				19B5CC0A19FCDCC600340B60 /* LaunchScreen.xib in Resources */,
				19B5CC0719FCDCC600340B60 /* Images.xcassets in Resources */,
			);
			runOnlyForDeploymentPostprocessing = 0;
		};
/* End PBXResourcesBuildPhase section */

/* Begin PBXSourcesBuildPhase section */
		19B5CBF219FCDCC600340B60 /* Sources */ = {
			isa = PBXSourcesBuildPhase;
			buildActionMask = 2147483647;
			files = (
				19B5CC2119FCDD7D00340B60 /* ParallaxHeaderView.m in Sources */,
				19B5CC2419FCDDC500340B60 /* UIImage+ImageEffects.m in Sources */,
				19B5CC0219FCDCC600340B60 /* StoryViewController.m in Sources */,
				19B5CBFF19FCDCC600340B60 /* AppDelegate.m in Sources */,
				19B5CBFC19FCDCC600340B60 /* main.m in Sources */,
				19B5CC2A19FCF12E00340B60 /* StoryCommentCell.m in Sources */,
			);
			runOnlyForDeploymentPostprocessing = 0;
		};
/* End PBXSourcesBuildPhase section */

/* Begin PBXVariantGroup section */
		19B5CC0319FCDCC600340B60 /* Main.storyboard */ = {
			isa = PBXVariantGroup;
			children = (
				19B5CC0419FCDCC600340B60 /* Base */,
			);
			name = Main.storyboard;
			sourceTree = "<group>";
		};
		19B5CC0819FCDCC600340B60 /* LaunchScreen.xib */ = {
			isa = PBXVariantGroup;
			children = (
				19B5CC0919FCDCC600340B60 /* Base */,
			);
			name = LaunchScreen.xib;
			sourceTree = "<group>";
		};
/* End PBXVariantGroup section */

/* Begin XCBuildConfiguration section */
		19B5CC1719FCDCC600340B60 /* Debug */ = {
			isa = XCBuildConfiguration;
			buildSettings = {
				ALWAYS_SEARCH_USER_PATHS = NO;
				CLANG_CXX_LANGUAGE_STANDARD = "gnu++0x";
				CLANG_CXX_LIBRARY = "libc++";
				CLANG_ENABLE_MODULES = YES;
				CLANG_ENABLE_OBJC_ARC = YES;
				CLANG_WARN_BOOL_CONVERSION = YES;
				CLANG_WARN_CONSTANT_CONVERSION = YES;
				CLANG_WARN_DIRECT_OBJC_ISA_USAGE = YES_ERROR;
				CLANG_WARN_EMPTY_BODY = YES;
				CLANG_WARN_ENUM_CONVERSION = YES;
				CLANG_WARN_INT_CONVERSION = YES;
				CLANG_WARN_OBJC_ROOT_CLASS = YES_ERROR;
				CLANG_WARN_UNREACHABLE_CODE = YES;
				CLANG_WARN__DUPLICATE_METHOD_MATCH = YES;
				"CODE_SIGN_IDENTITY[sdk=iphoneos*]" = "iPhone Developer";
				COPY_PHASE_STRIP = NO;
				ENABLE_STRICT_OBJC_MSGSEND = YES;
				GCC_C_LANGUAGE_STANDARD = gnu99;
				GCC_DYNAMIC_NO_PIC = NO;
				GCC_OPTIMIZATION_LEVEL = 0;
				GCC_PREPROCESSOR_DEFINITIONS = (
					"DEBUG=1",
					"$(inherited)",
				);
				GCC_SYMBOLS_PRIVATE_EXTERN = NO;
				GCC_WARN_64_TO_32_BIT_CONVERSION = YES;
				GCC_WARN_ABOUT_RETURN_TYPE = YES_ERROR;
				GCC_WARN_UNDECLARED_SELECTOR = YES;
				GCC_WARN_UNINITIALIZED_AUTOS = YES_AGGRESSIVE;
				GCC_WARN_UNUSED_FUNCTION = YES;
				GCC_WARN_UNUSED_VARIABLE = YES;
				IPHONEOS_DEPLOYMENT_TARGET = 8.0;
				MTL_ENABLE_DEBUG_INFO = YES;
				ONLY_ACTIVE_ARCH = YES;
				SDKROOT = iphoneos;
				TARGETED_DEVICE_FAMILY = "1,2";
			};
			name = Debug;
		};
		19B5CC1819FCDCC600340B60 /* Release */ = {
			isa = XCBuildConfiguration;
			buildSettings = {
				ALWAYS_SEARCH_USER_PATHS = NO;
				CLANG_CXX_LANGUAGE_STANDARD = "gnu++0x";
				CLANG_CXX_LIBRARY = "libc++";
				CLANG_ENABLE_MODULES = YES;
				CLANG_ENABLE_OBJC_ARC = YES;
				CLANG_WARN_BOOL_CONVERSION = YES;
				CLANG_WARN_CONSTANT_CONVERSION = YES;
				CLANG_WARN_DIRECT_OBJC_ISA_USAGE = YES_ERROR;
				CLANG_WARN_EMPTY_BODY = YES;
				CLANG_WARN_ENUM_CONVERSION = YES;
				CLANG_WARN_INT_CONVERSION = YES;
				CLANG_WARN_OBJC_ROOT_CLASS = YES_ERROR;
				CLANG_WARN_UNREACHABLE_CODE = YES;
				CLANG_WARN__DUPLICATE_METHOD_MATCH = YES;
				"CODE_SIGN_IDENTITY[sdk=iphoneos*]" = "iPhone Developer";
				COPY_PHASE_STRIP = YES;
				ENABLE_NS_ASSERTIONS = NO;
				ENABLE_STRICT_OBJC_MSGSEND = YES;
				GCC_C_LANGUAGE_STANDARD = gnu99;
				GCC_WARN_64_TO_32_BIT_CONVERSION = YES;
				GCC_WARN_ABOUT_RETURN_TYPE = YES_ERROR;
				GCC_WARN_UNDECLARED_SELECTOR = YES;
				GCC_WARN_UNINITIALIZED_AUTOS = YES_AGGRESSIVE;
				GCC_WARN_UNUSED_FUNCTION = YES;
				GCC_WARN_UNUSED_VARIABLE = YES;
				IPHONEOS_DEPLOYMENT_TARGET = 8.0;
				MTL_ENABLE_DEBUG_INFO = NO;
				SDKROOT = iphoneos;
				TARGETED_DEVICE_FAMILY = "1,2";
				VALIDATE_PRODUCT = YES;
			};
			name = Release;
		};
		19B5CC1A19FCDCC600340B60 /* Debug */ = {
			isa = XCBuildConfiguration;
			buildSettings = {
				ASSETCATALOG_COMPILER_APPICON_NAME = AppIcon;
				INFOPLIST_FILE = ParallaxTableViewHeader/Info.plist;
				LD_RUNPATH_SEARCH_PATHS = "$(inherited) @executable_path/Frameworks";
				PRODUCT_NAME = "$(TARGET_NAME)";
			};
			name = Debug;
		};
		19B5CC1B19FCDCC600340B60 /* Release */ = {
			isa = XCBuildConfiguration;
			buildSettings = {
				ASSETCATALOG_COMPILER_APPICON_NAME = AppIcon;
				INFOPLIST_FILE = ParallaxTableViewHeader/Info.plist;
				LD_RUNPATH_SEARCH_PATHS = "$(inherited) @executable_path/Frameworks";
				PRODUCT_NAME = "$(TARGET_NAME)";
			};
			name = Release;
		};
/* End XCBuildConfiguration section */

/* Begin XCConfigurationList section */
		19B5CBF119FCDCC600340B60 /* Build configuration list for PBXProject "ParallaxTableViewHeader" */ = {
			isa = XCConfigurationList;
			buildConfigurations = (
				19B5CC1719FCDCC600340B60 /* Debug */,
				19B5CC1819FCDCC600340B60 /* Release */,
			);
			defaultConfigurationIsVisible = 0;
			defaultConfigurationName = Release;
		};
		19B5CC1919FCDCC600340B60 /* Build configuration list for PBXNativeTarget "Parallax Header" */ = {
			isa = XCConfigurationList;
			buildConfigurations = (
				19B5CC1A19FCDCC600340B60 /* Debug */,
				19B5CC1B19FCDCC600340B60 /* Release */,
			);
			defaultConfigurationIsVisible = 0;
			defaultConfigurationName = Release;
		};
/* End XCConfigurationList section */
	};
	rootObject = 19B5CBEE19FCDCC600340B60 /* Project object */;
}
